Microsoft Visual Studio Solution File, Format Version 12.00
# Visual Studio 15
VisualStudioVersion = 15.0.26403.7
MinimumVisualStudioVersion = 10.0.40219.1
Project("{9A19103F-16F7-4668-BE54-9A1E7A4F7556}") = "Org.Apache.Reef.Utilities.DotNet", "Org.Apache.REEF.Utilities\Org.Apache.Reef.Utilities.DotNet.csproj", "{FE4CEA75-2F26-4C97-B256-375AA698B4A9}"
EndProject
Project("{9A19103F-16F7-4668-BE54-9A1E7A4F7556}") = "Org.Apache.REEF.Tang.DotNet", "Org.Apache.REEF.Tang\Org.Apache.REEF.Tang.DotNet.csproj", "{16E1218C-9A3C-49E2-A939-C29944BBB72E}"
EndProject
Project("{9A19103F-16F7-4668-BE54-9A1E7A4F7556}") = "Org.Apache.REEF.Wake.DotNet", "Org.Apache.REEF.Wake\Org.Apache.REEF.Wake.DotNet.csproj", "{CC7E543F-792E-4105-A4ED-A3F99AC56132}"
EndProject
Project("{9A19103F-16F7-4668-BE54-9A1E7A4F7556}") = "Org.Apache.REEF.Wake.Tests.DotNet", "Org.Apache.REEF.Wake.Tests\Org.Apache.REEF.Wake.Tests.DotNet.csproj", "{2F16E425-5934-4054-8D2D-C547D142BDFD}"
EndProject
Project("{9A19103F-16F7-4668-BE54-9A1E7A4F7556}") = "Org.Apache.REEF.Network.DotNet", "Org.Apache.REEF.Network\Org.Apache.REEF.Network.DotNet.csproj", "{ABCE5033-9FFA-447D-B8F2-48899EAD6FD3}"
EndProject
Project("{9A19103F-16F7-4668-BE54-9A1E7A4F7556}") = "Org.Apache.REEF.Common.DotNet", "Org.Apache.REEF.Common\Org.Apache.REEF.Common.DotNet.csproj", "{5B1F9854-AA8C-45E2-9CCB-C3DB8F77F9E7}"
EndProject
Project("{9A19103F-16F7-4668-BE54-9A1E7A4F7556}") = "Org.Apache.REEF.Examples.DotNet", "Org.Apache.REEF.Examples\Org.Apache.REEF.Examples.DotNet.csproj", "{6B39236B-9EBE-4CD8-A7F0-101ACD9F75D3}"
EndProject
Project("{9A19103F-16F7-4668-BE54-9A1E7A4F7556}") = "Org.Apache.REEF.Driver.DotNet", "Org.Apache.REEF.Driver\Org.Apache.REEF.Driver.DotNet.csproj", "{0F14D7C5-C87A-4951-9540-90386C851B55}"
EndProject
Project("{9A19103F-16F7-4668-BE54-9A1E7A4F7556}") = "Org.Apache.REEF.Tang.Tools.DotNet", "Org.Apache.REEF.Tang.Tools\Org.Apache.REEF.Tang.Tools.DotNet.csproj", "{EEF64BBF-6159-439A-9554-219D8BDA4A7E}"
EndProject
Project("{9A19103F-16F7-4668-BE54-9A1E7A4F7556}") = "Org.Apache.REEF.IO.DotNet", "Org.Apache.REEF.IO\Org.Apache.REEF.IO.DotNet.csproj", "{45ACD84A-5338-457B-A97D-1FFB9B8A8371}"
EndProject
Project("{9A19103F-16F7-4668-BE54-9A1E7A4F7556}") = "Org.Apache.REEF.Evaluator.DotNet", "Org.Apache.REEF.Evaluator\Org.Apache.REEF.Evaluator.DotNet.csproj", "{BD8942D4-4DF5-4C91-87E3-2E1A602507AD}"
EndProject
Project("{9A19103F-16F7-4668-BE54-9A1E7A4F7556}") = "Org.Apache.REEF.Evaluator.Tests.DotNet", "Org.Apache.REEF.Evaluator.Tests\Org.Apache.REEF.Evaluator.Tests.DotNet.csproj", "{DA3777C8-1C20-473B-BD0E-96CADC40D329}"
EndProject
Project("{9A19103F-16F7-4668-BE54-9A1E7A4F7556}") = "Org.Apache.REEF.Examples.HelloREEF.DotNet", "Org.Apache.REEF.Examples.HelloREEF\Org.Apache.REEF.Examples.HelloREEF.DotNet.csproj", "{51747C9A-463C-4BAF-8A45-B4558F828863}"
EndProject
Project("{8BC9CEB8-8B4A-11D0-8D11-00A0C91BC942}") = "Org.Apache.REEF.Bridge.DotNet", "Org.Apache.REEF.Bridge\Org.Apache.REEF.Bridge.DotNet.vcxproj", "{2D6FE3B3-E7FB-42DF-8A48-203E6F525105}"
EndProject
Project("{9A19103F-16F7-4668-BE54-9A1E7A4F7556}") = "Org.Apache.REEF.Client.DotNet", "Org.Apache.REEF.Client\Org.Apache.REEF.Client.DotNet.csproj", "{1CEB35E8-994B-4880-A8A5-F191CA6E75B6}"
EndProject
Global
	GlobalSection(SolutionConfigurationPlatforms) = preSolution
		Debug|x64 = Debug|x64
		Release|x64 = Release|x64
	EndGlobalSection
	GlobalSection(ProjectConfigurationPlatforms) = postSolution
		{FE4CEA75-2F26-4C97-B256-375AA698B4A9}.Debug|x64.ActiveCfg = Debug|x64
		{FE4CEA75-2F26-4C97-B256-375AA698B4A9}.Debug|x64.Build.0 = Debug|x64
		{FE4CEA75-2F26-4C97-B256-375AA698B4A9}.Release|x64.ActiveCfg = Release|x64
		{FE4CEA75-2F26-4C97-B256-375AA698B4A9}.Release|x64.Build.0 = Release|x64
		{16E1218C-9A3C-49E2-A939-C29944BBB72E}.Debug|x64.ActiveCfg = Debug|x64
		{16E1218C-9A3C-49E2-A939-C29944BBB72E}.Debug|x64.Build.0 = Debug|x64
		{16E1218C-9A3C-49E2-A939-C29944BBB72E}.Release|x64.ActiveCfg = Release|x64
		{16E1218C-9A3C-49E2-A939-C29944BBB72E}.Release|x64.Build.0 = Release|x64
		{CC7E543F-792E-4105-A4ED-A3F99AC56132}.Debug|x64.ActiveCfg = Debug|x64
		{CC7E543F-792E-4105-A4ED-A3F99AC56132}.Debug|x64.Build.0 = Debug|x64
		{CC7E543F-792E-4105-A4ED-A3F99AC56132}.Debug|x64.Deploy.0 = Debug|x64
		{CC7E543F-792E-4105-A4ED-A3F99AC56132}.Release|x64.ActiveCfg = Release|x64
		{CC7E543F-792E-4105-A4ED-A3F99AC56132}.Release|x64.Build.0 = Release|x64
		{2F16E425-5934-4054-8D2D-C547D142BDFD}.Debug|x64.ActiveCfg = Debug|x64
		{2F16E425-5934-4054-8D2D-C547D142BDFD}.Debug|x64.Build.0 = Debug|x64
		{2F16E425-5934-4054-8D2D-C547D142BDFD}.Release|x64.ActiveCfg = Release|x64
		{2F16E425-5934-4054-8D2D-C547D142BDFD}.Release|x64.Build.0 = Release|x64
		{ABCE5033-9FFA-447D-B8F2-48899EAD6FD3}.Debug|x64.ActiveCfg = Debug|x64
		{ABCE5033-9FFA-447D-B8F2-48899EAD6FD3}.Debug|x64.Build.0 = Debug|x64
		{ABCE5033-9FFA-447D-B8F2-48899EAD6FD3}.Release|x64.ActiveCfg = Release|x64
		{ABCE5033-9FFA-447D-B8F2-48899EAD6FD3}.Release|x64.Build.0 = Release|x64
		{5B1F9854-AA8C-45E2-9CCB-C3DB8F77F9E7}.Debug|x64.ActiveCfg = Debug|x64
		{5B1F9854-AA8C-45E2-9CCB-C3DB8F77F9E7}.Debug|x64.Build.0 = Debug|x64
		{5B1F9854-AA8C-45E2-9CCB-C3DB8F77F9E7}.Release|x64.ActiveCfg = Release|x64
		{5B1F9854-AA8C-45E2-9CCB-C3DB8F77F9E7}.Release|x64.Build.0 = Release|x64
		{6B39236B-9EBE-4CD8-A7F0-101ACD9F75D3}.Debug|x64.ActiveCfg = Debug|x64
		{6B39236B-9EBE-4CD8-A7F0-101ACD9F75D3}.Release|x64.ActiveCfg = Release|x64
		{6B39236B-9EBE-4CD8-A7F0-101ACD9F75D3}.Release|x64.Build.0 = Release|x64
		{0F14D7C5-C87A-4951-9540-90386C851B55}.Debug|x64.ActiveCfg = Debug|x64
		{0F14D7C5-C87A-4951-9540-90386C851B55}.Debug|x64.Build.0 = Debug|x64
		{0F14D7C5-C87A-4951-9540-90386C851B55}.Release|x64.ActiveCfg = Release|x64
		{0F14D7C5-C87A-4951-9540-90386C851B55}.Release|x64.Build.0 = Release|x64
		{EEF64BBF-6159-439A-9554-219D8BDA4A7E}.Debug|x64.ActiveCfg = Debug|x64
		{EEF64BBF-6159-439A-9554-219D8BDA4A7E}.Debug|x64.Build.0 = Debug|x64
		{EEF64BBF-6159-439A-9554-219D8BDA4A7E}.Release|x64.ActiveCfg = Release|x64
		{EEF64BBF-6159-439A-9554-219D8BDA4A7E}.Release|x64.Build.0 = Release|x64
		{45ACD84A-5338-457B-A97D-1FFB9B8A8371}.Debug|x64.ActiveCfg = Debug|x64
		{45ACD84A-5338-457B-A97D-1FFB9B8A8371}.Debug|x64.Build.0 = Debug|x64
		{45ACD84A-5338-457B-A97D-1FFB9B8A8371}.Release|x64.ActiveCfg = Release|x64
		{45ACD84A-5338-457B-A97D-1FFB9B8A8371}.Release|x64.Build.0 = Release|x64
		{BD8942D4-4DF5-4C91-87E3-2E1A602507AD}.Debug|x64.ActiveCfg = Debug|x64
		{BD8942D4-4DF5-4C91-87E3-2E1A602507AD}.Debug|x64.Build.0 = Debug|x64
		{BD8942D4-4DF5-4C91-87E3-2E1A602507AD}.Release|x64.ActiveCfg = Release|x64
		{BD8942D4-4DF5-4C91-87E3-2E1A602507AD}.Release|x64.Build.0 = Release|x64
		{DA3777C8-1C20-473B-BD0E-96CADC40D329}.Debug|x64.ActiveCfg = Debug|x64
		{DA3777C8-1C20-473B-BD0E-96CADC40D329}.Release|x64.ActiveCfg = Release|x64
		{DA3777C8-1C20-473B-BD0E-96CADC40D329}.Release|x64.Build.0 = Release|x64
		{51747C9A-463C-4BAF-8A45-B4558F828863}.Debug|x64.ActiveCfg = Debug|x64
		{51747C9A-463C-4BAF-8A45-B4558F828863}.Release|x64.ActiveCfg = Release|x64
		{51747C9A-463C-4BAF-8A45-B4558F828863}.Release|x64.Build.0 = Release|x64
		{2D6FE3B3-E7FB-42DF-8A48-203E6F525105}.Debug|x64.ActiveCfg = Debug|x64
		{2D6FE3B3-E7FB-42DF-8A48-203E6F525105}.Debug|x64.Build.0 = Debug|x64
		{2D6FE3B3-E7FB-42DF-8A48-203E6F525105}.Release|x64.ActiveCfg = Release|x64
		{2D6FE3B3-E7FB-42DF-8A48-203E6F525105}.Release|x64.Build.0 = Release|x64
		{1CEB35E8-994B-4880-A8A5-F191CA6E75B6}.Debug|x64.ActiveCfg = Debug|x64
		{1CEB35E8-994B-4880-A8A5-F191CA6E75B6}.Release|x64.ActiveCfg = Release|x64
		{1CEB35E8-994B-4880-A8A5-F191CA6E75B6}.Release|x64.Build.0 = Release|x64
	EndGlobalSection
	GlobalSection(SolutionProperties) = preSolution
		HideSolutionNode = FALSE
	EndGlobalSection
EndGlobal
